
Microsoft Visual Studio Solution File, Format Version 12.00
# Visual Studio Version 17
VisualStudioVersion = 17.10.35122.118
MinimumVisualStudioVersion = 10.0.40219.1
Project("{FAE04EC0-301F-11D3-BF4B-00C04F79EFBC}") = "YunTech", "YunTech\YunTech.csproj", "{510B34EC-7ECD-4FAD-97E0-E8FC4DDA4FA1}"
EndProject
Global
	GlobalSection(SolutionConfigurationPlatforms) = preSolution
		Debug|Any CPU = Debug|Any CPU
		Release|Any CPU = Release|Any CPU
	EndGlobalSection
	GlobalSection(ProjectConfigurationPlatforms) = postSolution
		{510B34EC-7ECD-4FAD-97E0-E8FC4DDA4FA1}.Debug|Any CPU.ActiveCfg = Debug|Any CPU
		{510B34EC-7ECD-4FAD-97E0-E8FC4DDA4FA1}.Debug|Any CPU.Build.0 = Debug|Any CPU
		{510B34EC-7ECD-4FAD-97E0-E8FC4DDA4FA1}.Release|Any CPU.ActiveCfg = Release|Any CPU
		{510B34EC-7ECD-4FAD-97E0-E8FC4DDA4FA1}.Release|Any CPU.Build.0 = Release|Any CPU
	EndGlobalSection
	GlobalSection(SolutionProperties) = preSolution
		HideSolutionNode = FALSE
	EndGlobalSection
	GlobalSection(ExtensibilityGlobals) = postSolution
		SolutionGuid = {54C45DFD-0542-4CF0-9890-F33DC28D6D2B}
	EndGlobalSection
EndGlobal
